
Microsoft Visual Studio Solution File, Format Version 10.00
# Visual Studio 2008
Project("{FAE04EC0-301F-11D3-BF4B-00C04F79EFBC}") = "Cranium", "Cranium.csproj", "{9553B26D-5D2D-4013-82E1-4D7A24D526D8}"
EndProject
Project("{FAE04EC0-301F-11D3-BF4B-00C04F79EFBC}") = "LibTest", "libtest\LibTest.csproj", "{509EEFCA-0006-4685-B217-A255BA989BD5}"
EndProject
Global
	GlobalSection(SolutionConfigurationPlatforms) = preSolution
		Debug|Any CPU = Debug|Any CPU
		Release|Any CPU = Release|Any CPU
	EndGlobalSection
	GlobalSection(ProjectConfigurationPlatforms) = postSolution
		{509EEFCA-0006-4685-B217-A255BA989BD5}.Debug|Any CPU.ActiveCfg = Debug|Any CPU
		{509EEFCA-0006-4685-B217-A255BA989BD5}.Debug|Any CPU.Build.0 = Debug|Any CPU
		{509EEFCA-0006-4685-B217-A255BA989BD5}.Release|Any CPU.ActiveCfg = Release|Any CPU
		{509EEFCA-0006-4685-B217-A255BA989BD5}.Release|Any CPU.Build.0 = Release|Any CPU
		{9553B26D-5D2D-4013-82E1-4D7A24D526D8}.Debug|Any CPU.ActiveCfg = Debug|Any CPU
		{9553B26D-5D2D-4013-82E1-4D7A24D526D8}.Debug|Any CPU.Build.0 = Debug|Any CPU
		{9553B26D-5D2D-4013-82E1-4D7A24D526D8}.Release|Any CPU.ActiveCfg = Release|Any CPU
		{9553B26D-5D2D-4013-82E1-4D7A24D526D8}.Release|Any CPU.Build.0 = Release|Any CPU
	EndGlobalSection
	GlobalSection(MonoDevelopProperties) = preSolution
		StartupItem = libtest\LibTest.csproj
		Policies = $0
		$0.StandardHeader = $1
		$1.Text = @// ///////////////////////\n// \n// Cranium - A neural network framework for C#\n// https://github.com/sbatman/Cranium.git\n// \n// This work is covered under the Creative Commons Attribution-ShareAlike 3.0 Unported (CC BY-SA 3.0) licence.\n// More information can be found about the liecence here http://creativecommons.org/licenses/by-sa/3.0/\n// If you wish to discuss the licencing terms please contact Steven Batchelor-Manning\n//\n// //////////////////////
		$1.IncludeInNewFiles = True
		version = 0.3
	EndGlobalSection
EndGlobal
