
Microsoft Visual Studio Solution File, Format Version 11.00
# Visual Studio 2010
Project("{FAE04EC0-301F-11D3-BF4B-00C04F79EFBC}") = "Cranium", "Cranium.csproj", "{9553B26D-5D2D-4013-82E1-4D7A24D526D8}"
EndProject
Project("{FAE04EC0-301F-11D3-BF4B-00C04F79EFBC}") = "LibTest", "libtest\LibTest.csproj", "{509EEFCA-0006-4685-B217-A255BA989BD5}"
EndProject
Global
	GlobalSection(SolutionConfigurationPlatforms) = preSolution
		Debug|Any CPU = Debug|Any CPU
		Release|Any CPU = Release|Any CPU
	EndGlobalSection
	GlobalSection(ProjectConfigurationPlatforms) = postSolution
		{509EEFCA-0006-4685-B217-A255BA989BD5}.Debug|Any CPU.ActiveCfg = Debug|Any CPU
		{509EEFCA-0006-4685-B217-A255BA989BD5}.Debug|Any CPU.Build.0 = Debug|Any CPU
		{509EEFCA-0006-4685-B217-A255BA989BD5}.Release|Any CPU.ActiveCfg = Release|Any CPU
		{509EEFCA-0006-4685-B217-A255BA989BD5}.Release|Any CPU.Build.0 = Release|Any CPU
		{9553B26D-5D2D-4013-82E1-4D7A24D526D8}.Debug|Any CPU.ActiveCfg = Debug|Any CPU
		{9553B26D-5D2D-4013-82E1-4D7A24D526D8}.Debug|Any CPU.Build.0 = Debug|Any CPU
		{9553B26D-5D2D-4013-82E1-4D7A24D526D8}.Release|Any CPU.ActiveCfg = Release|Any CPU
		{9553B26D-5D2D-4013-82E1-4D7A24D526D8}.Release|Any CPU.Build.0 = Release|Any CPU
	EndGlobalSection
	GlobalSection(MonoDevelopProperties) = preSolution
		StartupItem = libtest\LibTest.csproj
		Policies = $0
		$0.StandardHeader = $1
		$1.Text = @// ///////////////////////\n// \n// Cranium - A neural network framework for C#\n// https://github.com/sbatman/Cranium.git\n// \n// This work is covered under the Creative Commons Attribution-ShareAlike 3.0 Unported (CC BY-SA 3.0) licence.\n// More information can be found about the liecence here http://creativecommons.org/licenses/by-sa/3.0/\n// If you wish to discuss the licencing terms please contact Steven Batchelor-Manning\n//\n// //////////////////////
		$1.IncludeInNewFiles = True
		$0.TextStylePolicy = $2
		$2.inheritsSet = null
		$2.scope = text/x-csharp
		$0.CSharpFormattingPolicy = $3
		$3.IndentSwitchBody = True
		$3.AnonymousMethodBraceStyle = NextLine
		$3.StatementBraceStyle = NextLine
		$3.IfElseBraceForcement = AddBraces
		$3.ForBraceForcement = AddBraces
		$3.WhileBraceForcement = AddBraces
		$3.UsingBraceForcement = AddBraces
		$3.PlaceElseOnNewLine = True
		$3.PlaceElseIfOnNewLine = True
		$3.PlaceCatchOnNewLine = True
		$3.PlaceFinallyOnNewLine = True
		$3.PlaceWhileOnNewLine = True
		$3.BetweenEmptyMethodDeclarationParentheses = True
		$3.WithinMethodDeclarationParentheses = True
		$3.WithinMethodCallParentheses = True
		$3.WithinConstructorDeclarationParentheses = True
		$3.WithinIndexerDeclarationBracket = True
		$3.BetweenEmptyDelegateDeclarationParentheses = True
		$3.WithinParentheses = True
		$3.WithinIfParentheses = True
		$3.WithinForEachParentheses = True
		$3.WithinCatchParentheses = True
		$3.WithinSwitchParentheses = True
		$3.WithinLockParentheses = True
		$3.WithinUsingParentheses = True
		$3.WithinCastParentheses = True
		$3.BeforeSizeOfParentheses = True
		$3.WithinNewParentheses = True
		$3.BeforeTypeOfParentheses = True
		$3.inheritsSet = Mono
		$3.inheritsScope = text/x-csharp
		$3.scope = text/x-csharp
		version = 0.3
	EndGlobalSection
	GlobalSection(SolutionProperties) = preSolution
		HideSolutionNode = FALSE
	EndGlobalSection
EndGlobal
