
Microsoft Visual Studio Solution File, Format Version 12.00
# Visual Studio 2012
Project("{FAE04EC0-301F-11D3-BF4B-00C04F79EFBC}") = "Cranium", "Cranium.csproj", "{9553B26D-5D2D-4013-82E1-4D7A24D526D8}"
EndProject
Project("{FAE04EC0-301F-11D3-BF4B-00C04F79EFBC}") = "LibTest", "libtest\LibTest.csproj", "{509EEFCA-0006-4685-B217-A255BA989BD5}"
EndProject
Project("{2150E333-8FDC-42A3-9474-1A3956D46DE8}") = "Libs", "Libs", "{753A0852-4155-42E3-B28B-93F9BB83FA4C}"
EndProject
Project("{2150E333-8FDC-42A3-9474-1A3956D46DE8}") = "Test", "Test", "{EAC19993-FB6C-4682-9FCC-5388032CEDF2}"
EndProject
Project("{2150E333-8FDC-42A3-9474-1A3956D46DE8}") = "Tools", "Tools", "{08652AB1-F209-41D0-8A22-11D3B59572E5}"
EndProject
Project("{2150E333-8FDC-42A3-9474-1A3956D46DE8}") = "Lobe", "Lobe", "{609D120C-9AD4-43AB-B100-DD134ABD91F1}"
EndProject
Project("{FAE04EC0-301F-11D3-BF4B-00C04F79EFBC}") = "Lobe.Client", "Lobe.Client\Lobe.Client.csproj", "{DB8195A8-0085-4866-BE7A-065CED69CE4C}"
EndProject
Project("{FAE04EC0-301F-11D3-BF4B-00C04F79EFBC}") = "Lobe.Worker", "Lobe.Worker\Lobe.Worker.csproj", "{F26E3FEE-F29B-4027-9187-A0983763A3D8}"
EndProject
Global
	GlobalSection(SolutionConfigurationPlatforms) = preSolution
		Debug|Any CPU = Debug|Any CPU
		Release|Any CPU = Release|Any CPU
	EndGlobalSection
	GlobalSection(ProjectConfigurationPlatforms) = postSolution
		{9553B26D-5D2D-4013-82E1-4D7A24D526D8}.Debug|Any CPU.ActiveCfg = Debug|Any CPU
		{9553B26D-5D2D-4013-82E1-4D7A24D526D8}.Debug|Any CPU.Build.0 = Debug|Any CPU
		{9553B26D-5D2D-4013-82E1-4D7A24D526D8}.Release|Any CPU.ActiveCfg = Release|Any CPU
		{9553B26D-5D2D-4013-82E1-4D7A24D526D8}.Release|Any CPU.Build.0 = Release|Any CPU
		{509EEFCA-0006-4685-B217-A255BA989BD5}.Debug|Any CPU.ActiveCfg = Debug|Any CPU
		{509EEFCA-0006-4685-B217-A255BA989BD5}.Debug|Any CPU.Build.0 = Debug|Any CPU
		{509EEFCA-0006-4685-B217-A255BA989BD5}.Release|Any CPU.ActiveCfg = Release|Any CPU
		{509EEFCA-0006-4685-B217-A255BA989BD5}.Release|Any CPU.Build.0 = Release|Any CPU
		{DB8195A8-0085-4866-BE7A-065CED69CE4C}.Debug|Any CPU.ActiveCfg = Debug|Any CPU
		{DB8195A8-0085-4866-BE7A-065CED69CE4C}.Debug|Any CPU.Build.0 = Debug|Any CPU
		{DB8195A8-0085-4866-BE7A-065CED69CE4C}.Release|Any CPU.ActiveCfg = Release|Any CPU
		{DB8195A8-0085-4866-BE7A-065CED69CE4C}.Release|Any CPU.Build.0 = Release|Any CPU
		{F26E3FEE-F29B-4027-9187-A0983763A3D8}.Debug|Any CPU.ActiveCfg = Debug|Any CPU
		{F26E3FEE-F29B-4027-9187-A0983763A3D8}.Debug|Any CPU.Build.0 = Debug|Any CPU
		{F26E3FEE-F29B-4027-9187-A0983763A3D8}.Release|Any CPU.ActiveCfg = Release|Any CPU
		{F26E3FEE-F29B-4027-9187-A0983763A3D8}.Release|Any CPU.Build.0 = Release|Any CPU
	EndGlobalSection
	GlobalSection(SolutionProperties) = preSolution
		HideSolutionNode = FALSE
	EndGlobalSection
	GlobalSection(NestedProjects) = preSolution
		{9553B26D-5D2D-4013-82E1-4D7A24D526D8} = {753A0852-4155-42E3-B28B-93F9BB83FA4C}
		{509EEFCA-0006-4685-B217-A255BA989BD5} = {EAC19993-FB6C-4682-9FCC-5388032CEDF2}
		{609D120C-9AD4-43AB-B100-DD134ABD91F1} = {08652AB1-F209-41D0-8A22-11D3B59572E5}
		{DB8195A8-0085-4866-BE7A-065CED69CE4C} = {609D120C-9AD4-43AB-B100-DD134ABD91F1}
		{F26E3FEE-F29B-4027-9187-A0983763A3D8} = {609D120C-9AD4-43AB-B100-DD134ABD91F1}
	EndGlobalSection
	GlobalSection(MonoDevelopProperties) = preSolution
		StartupItem = libtest\LibTest.csproj
		Policies = $0
		$0.StandardHeader = $1
		$1.Text = @// ///////////////////////\n// \n// Cranium - A neural network framework for C#\n// https://github.com/sbatman/Cranium.git\n// \n// This work is covered under the Creative Commons Attribution-ShareAlike 3.0 Unported (CC BY-SA 3.0) licence.\n// More information can be found about the liecence here http://creativecommons.org/licenses/by-sa/3.0/\n// If you wish to discuss the licencing terms please contact Steven Batchelor-Manning\n//\n// //////////////////////
		$1.IncludeInNewFiles = True
		$0.TextStylePolicy = $2
		$2.inheritsSet = null
		$2.scope = text/x-csharp
		$0.CSharpFormattingPolicy = $3
		$3.IndentSwitchBody = True
		$3.AnonymousMethodBraceStyle = NextLine
		$3.StatementBraceStyle = NextLine
		$3.IfElseBraceForcement = AddBraces
		$3.ForBraceForcement = AddBraces
		$3.WhileBraceForcement = AddBraces
		$3.UsingBraceForcement = AddBraces
		$3.PlaceElseOnNewLine = True
		$3.PlaceElseIfOnNewLine = True
		$3.PlaceCatchOnNewLine = True
		$3.PlaceFinallyOnNewLine = True
		$3.PlaceWhileOnNewLine = True
		$3.BetweenEmptyMethodDeclarationParentheses = True
		$3.WithinMethodDeclarationParentheses = True
		$3.WithinMethodCallParentheses = True
		$3.WithinConstructorDeclarationParentheses = True
		$3.WithinIndexerDeclarationBracket = True
		$3.BetweenEmptyDelegateDeclarationParentheses = True
		$3.WithinParentheses = True
		$3.WithinIfParentheses = True
		$3.WithinForEachParentheses = True
		$3.WithinCatchParentheses = True
		$3.WithinSwitchParentheses = True
		$3.WithinLockParentheses = True
		$3.WithinUsingParentheses = True
		$3.WithinCastParentheses = True
		$3.BeforeSizeOfParentheses = True
		$3.WithinNewParentheses = True
		$3.BeforeTypeOfParentheses = True
		$3.inheritsSet = Mono
		$3.inheritsScope = text/x-csharp
		$3.scope = text/x-csharp
		version = 0.3
	EndGlobalSection
EndGlobal
